{
  "version": 4,
  "terraform_version": "1.3.5",
  "serial": 4,
  "lineage": "215f2b16-40bb-2a04-8d85-0c4d86338632",
  "outputs": {},
  "resources": [
    {
      "mode": "managed",
      "type": "digitalocean_droplet",
      "name": "obs",
      "provider": "provider[\"registry.terraform.io/digitalocean/digitalocean\"]",
      "instances": [
        {
          "status": "tainted",
          "schema_version": 1,
          "attributes": {
            "backups": false,
            "created_at": "2022-12-04T19:45:43Z",
            "disk": 25,
            "droplet_agent": null,
            "graceful_shutdown": false,
            "id": "329614877",
            "image": "ubuntu-22-10-x64",
            "ipv4_address": "167.99.199.40",
            "ipv4_address_private": "10.131.0.2",
            "ipv6": false,
            "ipv6_address": "",
            "locked": false,
            "memory": 1024,
            "monitoring": false,
            "name": "obs",
            "price_hourly": 0.01042,
            "price_monthly": 7,
            "private_networking": true,
            "region": "lon1",
            "resize_disk": true,
            "size": "s-1vcpu-1gb-amd",
            "ssh_keys": [
              "c4:df:0f:4a:72:d2:94:28:26:78:ce:92:b5:dc:69:a8"
            ],
            "status": "active",
            "tags": null,
            "timeouts": null,
            "urn": "do:droplet:329614877",
            "user_data": null,
            "vcpus": 1,
            "volume_ids": [],
            "vpc_uuid": "b34d7a23-dc82-11e8-83ec-3cfdfea9f3f0"
          },
          "sensitive_attributes": [],
          "private": "eyJlMmJmYjczMC1lY2FhLTExZTYtOGY4OC0zNDM2M2JjN2M0YzAiOnsiY3JlYXRlIjozNjAwMDAwMDAwMDAwLCJkZWxldGUiOjYwMDAwMDAwMDAwLCJ1cGRhdGUiOjM2MDAwMDAwMDAwMDB9LCJzY2hlbWFfdmVyc2lvbiI6IjEifQ==",
          "dependencies": [
            "digitalocean_ssh_key.ssh_default"
          ]
        }
      ]
    },
    {
      "mode": "managed",
      "type": "digitalocean_ssh_key",
      "name": "ssh_default",
      "provider": "provider[\"registry.terraform.io/digitalocean/digitalocean\"]",
      "instances": [
        {
          "schema_version": 0,
          "attributes": {
            "fingerprint": "c4:df:0f:4a:72:d2:94:28:26:78:ce:92:b5:dc:69:a8",
            "id": "36953006",
            "name": "Terraform ssh",
            "public_key": "ssh-ed25519 AAAAC3NzaC1lZDI1NTE5AAAAIMiQxEIWkCJbUmKE4/cNoZ+sh7O059ii/0dcGoIyIWSp jphetphoumy@LAPTOP-26R3G0NT"
          },
          "sensitive_attributes": [],
          "private": "bnVsbA=="
        }
      ]
    }
  ],
  "check_results": null
}
