{
  "version": 4,
  "terraform_version": "1.3.5",
  "serial": 30,
  "lineage": "ce206628-723f-4db0-c828-59964c1a03a5",
  "outputs": {},
  "resources": [
    {
      "mode": "managed",
      "type": "digitalocean_droplet",
      "name": "obs",
      "provider": "provider[\"registry.terraform.io/digitalocean/digitalocean\"]",
      "instances": [
        {
          "schema_version": 1,
          "attributes": {
            "backups": false,
            "created_at": "2022-11-22T22:31:01Z",
            "disk": 25,
            "droplet_agent": null,
            "graceful_shutdown": false,
            "id": "327891814",
            "image": "ubuntu-22-10-x64",
            "ipv4_address": "46.101.84.248",
            "ipv4_address_private": "10.131.0.2",
            "ipv6": false,
            "ipv6_address": "",
            "locked": false,
            "memory": 1024,
            "monitoring": false,
            "name": "obs",
            "price_hourly": 0.01042,
            "price_monthly": 7,
            "private_networking": true,
            "region": "lon1",
            "resize_disk": true,
            "size": "s-1vcpu-1gb-amd",
            "ssh_keys": [
              "d6:f7:9e:30:9e:a5:ec:2a:10:38:cb:66:56:21:af:69"
            ],
            "status": "active",
            "tags": null,
            "timeouts": null,
            "urn": "do:droplet:327891814",
            "user_data": null,
            "vcpus": 1,
            "volume_ids": [],
            "vpc_uuid": "b34d7a23-dc82-11e8-83ec-3cfdfea9f3f0"
          },
          "sensitive_attributes": [],
          "private": "eyJlMmJmYjczMC1lY2FhLTExZTYtOGY4OC0zNDM2M2JjN2M0YzAiOnsiY3JlYXRlIjozNjAwMDAwMDAwMDAwLCJkZWxldGUiOjYwMDAwMDAwMDAwLCJ1cGRhdGUiOjM2MDAwMDAwMDAwMDB9LCJzY2hlbWFfdmVyc2lvbiI6IjEifQ==",
          "dependencies": [
            "digitalocean_ssh_key.ssh_default"
          ]
        }
      ]
    },
    {
      "mode": "managed",
      "type": "digitalocean_ssh_key",
      "name": "ssh_default",
      "provider": "provider[\"registry.terraform.io/digitalocean/digitalocean\"]",
      "instances": [
        {
          "schema_version": 0,
          "attributes": {
            "fingerprint": "d6:f7:9e:30:9e:a5:ec:2a:10:38:cb:66:56:21:af:69",
            "id": "36840098",
            "name": "Terraform ssh",
            "public_key": "ssh-rsa AAAAB3NzaC1yc2EAAAADAQABAAABgQDdIU0aQcxjGjA0FmwW6rN5CCK+22P5z7TrV211SeSllsTcPepIu60dfll6fcxCGgwy3s7+nNdvonKUj/dRmI9pkVP75AZDbJwzJWtIOXNJmY3yFzMGup86PsuBKkC6IvIb+qlV/7tQAz01qOtM8o1E2nqVyHNgPayudVgfwxOlK0ct+qGV7trxkXWsynoJSo0x0g/2HHET07a5efoIU3NAZYYMsvsvWE/iUFu5+vdgfd63STfI5BjnUQ0OZolCVvDmnekO40WslgMtoZIIkylowzG58kaNu2whHq7g6VrfZvgfMl0R3sCGK8Z0mfVssY1OxpiE5qrC/40cJNa7m7acJGafrEz0v/saBM68IqMXvdWdzCwp4ruBaqhR2VdPCJ6iXHrcKRt6u/t2ZZIHI2F/ieSlnRcLo5ZDmQ6QPxa1/mmAgpijIaa+Gz1QaenlL1DqPoxl2rxYWCGspyW3gU1HcU27VSLuh1t1dsxBlKtFn4bDny+ZjPGfWi6wYR/qY3s= jphetphoumy@LAPTOP-26R3G0NT"
          },
          "sensitive_attributes": [],
          "private": "bnVsbA=="
        }
      ]
    }
  ],
  "check_results": null
}
